{
  "name": "generate-shadcn-registry",
  "lockfileVersion": 3,
  "requires": true,
  "packages": {
    "": {
      "dependencies": {
        "remeda": "^2.33.6"
      },
      "devDependencies": {
        "@types/node": "^25.3.0"
      }
    },
    "node_modules/@types/node": {
      "version": "25.3.0",
      "resolved": "https://registry.npmjs.org/@types/node/-/node-25.3.0.tgz",
      "integrity": "sha512-4K3bqJpXpqfg2XKGK9bpDTc6xO/xoUP/RBWS7AtRMug6zZFaRekiLzjVtAoZMquxoAbzBvy5nxQ7veS5eYzf8A==",
      "dev": true,
      "license": "MIT",
      "dependencies": {
        "undici-types": "~7.18.0"
      }
    },
    "node_modules/remeda": {
      "version": "2.33.6",
      "resolved": "https://registry.npmjs.org/remeda/-/remeda-2.33.6.tgz",
      "integrity": "sha512-tazDGH7s75kUPGBKLvhgBEHMgW+TdDFhjUAMdQj57IoWz6HsGa5D2RX5yDUz6IIqiRRvZiaEHzCzWdTeixc/Kg==",
      "license": "MIT",
      "funding": {
        "url": "https://github.com/sponsors/remeda"
      }
    },
    "node_modules/undici-types": {
      "version": "7.18.2",
      "resolved": "https://registry.npmjs.org/undici-types/-/undici-types-7.18.2.tgz",
      "integrity": "sha512-AsuCzffGHJybSaRrmr5eHr81mwJU3kjw6M+uprWvCXiNeN9SOGwQ3Jn8jb8m3Z6izVgknn1R0FTCEAP2QrLY/w==",
      "dev": true,
      "license": "MIT"
    }
  }
}
